
Microsoft Visual Studio Solution File, Format Version 12.00
# Visual Studio Version 17
VisualStudioVersion = 17.11.35222.181
MinimumVisualStudioVersion = 10.0.40219.1
Project("{9A19103F-16F7-4668-BE54-9A1E7A4F7556}") = "Frituur", "Frituur\Frituur.csproj", "{8F90EAC1-A722-4954-8BA7-BCC5F8B0FF34}"
EndProject
Project("{FAE04EC0-301F-11D3-BF4B-00C04F79EFBC}") = "WebAPI", "WebAPI\WebAPI.csproj", "{7F23A351-B39E-46B1-806E-18D5AEA262FD}"
EndProject
Global
	GlobalSection(SolutionConfigurationPlatforms) = preSolution
		Debug|Any CPU = Debug|Any CPU
		Release|Any CPU = Release|Any CPU
	EndGlobalSection
	GlobalSection(ProjectConfigurationPlatforms) = postSolution
		{8F90EAC1-A722-4954-8BA7-BCC5F8B0FF34}.Debug|Any CPU.ActiveCfg = Debug|Any CPU
		{8F90EAC1-A722-4954-8BA7-BCC5F8B0FF34}.Debug|Any CPU.Build.0 = Debug|Any CPU
		{8F90EAC1-A722-4954-8BA7-BCC5F8B0FF34}.Release|Any CPU.ActiveCfg = Release|Any CPU
		{8F90EAC1-A722-4954-8BA7-BCC5F8B0FF34}.Release|Any CPU.Build.0 = Release|Any CPU
		{7F23A351-B39E-46B1-806E-18D5AEA262FD}.Debug|Any CPU.ActiveCfg = Debug|Any CPU
		{7F23A351-B39E-46B1-806E-18D5AEA262FD}.Debug|Any CPU.Build.0 = Debug|Any CPU
		{7F23A351-B39E-46B1-806E-18D5AEA262FD}.Release|Any CPU.ActiveCfg = Release|Any CPU
		{7F23A351-B39E-46B1-806E-18D5AEA262FD}.Release|Any CPU.Build.0 = Release|Any CPU
	EndGlobalSection
	GlobalSection(SolutionProperties) = preSolution
		HideSolutionNode = FALSE
	EndGlobalSection
	GlobalSection(ExtensibilityGlobals) = postSolution
		SolutionGuid = {C7E69764-41DF-4BDC-A29E-26DFAAC11283}
	EndGlobalSection
EndGlobal
